
Microsoft Visual Studio Solution File, Format Version 12.00
# Visual Studio 2013
VisualStudioVersion = 12.0.21005.1
MinimumVisualStudioVersion = 10.0.40219.1
Project("{FAE04EC0-301F-11D3-BF4B-00C04F79EFBC}") = "projectMAP", "projectMAP\projectMAP.csproj", "{5180FB97-3108-4CA5-92F3-9951A548F231}"
EndProject
Project("{FAE04EC0-301F-11D3-BF4B-00C04F79EFBC}") = "projectMAP_code", "..\projectMAP_code\projectMAP_code\projectMAP_code.csproj", "{CEEF7804-3D26-404C-B48F-C508532A3386}"
EndProject
Project("{2150E333-8FDC-42A3-9474-1A3956D46DE8}") = "Project", "Project", "{4AD3F88D-D1F4-4AE4-9CEE-45F6CC20225F}"
EndProject
Global
	GlobalSection(SolutionConfigurationPlatforms) = preSolution
		Debug|Any CPU = Debug|Any CPU
		Debug|Mixed Platforms = Debug|Mixed Platforms
		Debug|x86 = Debug|x86
		Release|Any CPU = Release|Any CPU
		Release|Mixed Platforms = Release|Mixed Platforms
		Release|x86 = Release|x86
	EndGlobalSection
	GlobalSection(ProjectConfigurationPlatforms) = postSolution
		{5180FB97-3108-4CA5-92F3-9951A548F231}.Debug|Any CPU.ActiveCfg = Debug|Any CPU
		{5180FB97-3108-4CA5-92F3-9951A548F231}.Debug|Any CPU.Build.0 = Debug|Any CPU
		{5180FB97-3108-4CA5-92F3-9951A548F231}.Debug|Mixed Platforms.ActiveCfg = Debug|Any CPU
		{5180FB97-3108-4CA5-92F3-9951A548F231}.Debug|Mixed Platforms.Build.0 = Debug|Any CPU
		{5180FB97-3108-4CA5-92F3-9951A548F231}.Debug|x86.ActiveCfg = Debug|Any CPU
		{5180FB97-3108-4CA5-92F3-9951A548F231}.Release|Any CPU.ActiveCfg = Release|Any CPU
		{5180FB97-3108-4CA5-92F3-9951A548F231}.Release|Any CPU.Build.0 = Release|Any CPU
		{5180FB97-3108-4CA5-92F3-9951A548F231}.Release|Mixed Platforms.ActiveCfg = Release|Any CPU
		{5180FB97-3108-4CA5-92F3-9951A548F231}.Release|Mixed Platforms.Build.0 = Release|Any CPU
		{5180FB97-3108-4CA5-92F3-9951A548F231}.Release|x86.ActiveCfg = Release|Any CPU
		{CEEF7804-3D26-404C-B48F-C508532A3386}.Debug|Any CPU.ActiveCfg = Debug|Any CPU
		{CEEF7804-3D26-404C-B48F-C508532A3386}.Debug|Any CPU.Build.0 = Debug|Any CPU
		{CEEF7804-3D26-404C-B48F-C508532A3386}.Debug|Mixed Platforms.ActiveCfg = Debug|Any CPU
		{CEEF7804-3D26-404C-B48F-C508532A3386}.Debug|Mixed Platforms.Build.0 = Debug|Any CPU
		{CEEF7804-3D26-404C-B48F-C508532A3386}.Debug|x86.ActiveCfg = Debug|Any CPU
		{CEEF7804-3D26-404C-B48F-C508532A3386}.Release|Any CPU.ActiveCfg = Release|Any CPU
		{CEEF7804-3D26-404C-B48F-C508532A3386}.Release|Any CPU.Build.0 = Release|Any CPU
		{CEEF7804-3D26-404C-B48F-C508532A3386}.Release|Mixed Platforms.ActiveCfg = Release|Any CPU
		{CEEF7804-3D26-404C-B48F-C508532A3386}.Release|Mixed Platforms.Build.0 = Release|Any CPU
		{CEEF7804-3D26-404C-B48F-C508532A3386}.Release|x86.ActiveCfg = Release|Any CPU
	EndGlobalSection
	GlobalSection(SolutionProperties) = preSolution
		HideSolutionNode = FALSE
	EndGlobalSection
	GlobalSection(NestedProjects) = preSolution
		{5180FB97-3108-4CA5-92F3-9951A548F231} = {4AD3F88D-D1F4-4AE4-9CEE-45F6CC20225F}
		{CEEF7804-3D26-404C-B48F-C508532A3386} = {4AD3F88D-D1F4-4AE4-9CEE-45F6CC20225F}
	EndGlobalSection
EndGlobal
